
Microsoft Visual Studio Solution File, Format Version 12.00
# Visual Studio Version 17
VisualStudioVersion = 17.4.33213.308
MinimumVisualStudioVersion = 10.0.40219.1
Project("{2150E333-8FDC-42A3-9474-1A3956D46DE8}") = "src", "src", "{EA827578-1468-4B8C-9C06-F319FEA9695A}"
EndProject
Project("{2150E333-8FDC-42A3-9474-1A3956D46DE8}") = "test", "test", "{CAEC9C69-0E8A-4E2F-B189-D5A1482FB911}"
EndProject
Project("{FAE04EC0-301F-11D3-BF4B-00C04F79EFBC}") = "POS.Domain", "POS.Domain\POS.Domain.csproj", "{8775E4F2-4658-4A3A-AB52-352F2AAE6901}"
EndProject
Project("{FAE04EC0-301F-11D3-BF4B-00C04F79EFBC}") = "POS.Infrastructure", "POS.Infrastructure\POS.Infrastructure.csproj", "{292A2808-70F2-4E04-98B0-5C2FA04557EE}"
EndProject
Project("{FAE04EC0-301F-11D3-BF4B-00C04F79EFBC}") = "POS.Aplication", "POS.Aplication\POS.Aplication.csproj", "{7287EEF1-199A-4412-9637-2FB06E8214C0}"
EndProject
Project("{FAE04EC0-301F-11D3-BF4B-00C04F79EFBC}") = "POS.Api", "POS.Api\POS.Api.csproj", "{AD5CA753-AC5A-4AD1-988C-7B2F5C83F3F4}"
EndProject
Global
	GlobalSection(SolutionConfigurationPlatforms) = preSolution
		Debug|Any CPU = Debug|Any CPU
		Release|Any CPU = Release|Any CPU
	EndGlobalSection
	GlobalSection(ProjectConfigurationPlatforms) = postSolution
		{8775E4F2-4658-4A3A-AB52-352F2AAE6901}.Debug|Any CPU.ActiveCfg = Debug|Any CPU
		{8775E4F2-4658-4A3A-AB52-352F2AAE6901}.Debug|Any CPU.Build.0 = Debug|Any CPU
		{8775E4F2-4658-4A3A-AB52-352F2AAE6901}.Release|Any CPU.ActiveCfg = Release|Any CPU
		{8775E4F2-4658-4A3A-AB52-352F2AAE6901}.Release|Any CPU.Build.0 = Release|Any CPU
		{292A2808-70F2-4E04-98B0-5C2FA04557EE}.Debug|Any CPU.ActiveCfg = Debug|Any CPU
		{292A2808-70F2-4E04-98B0-5C2FA04557EE}.Debug|Any CPU.Build.0 = Debug|Any CPU
		{292A2808-70F2-4E04-98B0-5C2FA04557EE}.Release|Any CPU.ActiveCfg = Release|Any CPU
		{292A2808-70F2-4E04-98B0-5C2FA04557EE}.Release|Any CPU.Build.0 = Release|Any CPU
		{7287EEF1-199A-4412-9637-2FB06E8214C0}.Debug|Any CPU.ActiveCfg = Debug|Any CPU
		{7287EEF1-199A-4412-9637-2FB06E8214C0}.Debug|Any CPU.Build.0 = Debug|Any CPU
		{7287EEF1-199A-4412-9637-2FB06E8214C0}.Release|Any CPU.ActiveCfg = Release|Any CPU
		{7287EEF1-199A-4412-9637-2FB06E8214C0}.Release|Any CPU.Build.0 = Release|Any CPU
		{AD5CA753-AC5A-4AD1-988C-7B2F5C83F3F4}.Debug|Any CPU.ActiveCfg = Debug|Any CPU
		{AD5CA753-AC5A-4AD1-988C-7B2F5C83F3F4}.Debug|Any CPU.Build.0 = Debug|Any CPU
		{AD5CA753-AC5A-4AD1-988C-7B2F5C83F3F4}.Release|Any CPU.ActiveCfg = Release|Any CPU
		{AD5CA753-AC5A-4AD1-988C-7B2F5C83F3F4}.Release|Any CPU.Build.0 = Release|Any CPU
	EndGlobalSection
	GlobalSection(SolutionProperties) = preSolution
		HideSolutionNode = FALSE
	EndGlobalSection
	GlobalSection(NestedProjects) = preSolution
		{8775E4F2-4658-4A3A-AB52-352F2AAE6901} = {EA827578-1468-4B8C-9C06-F319FEA9695A}
		{292A2808-70F2-4E04-98B0-5C2FA04557EE} = {EA827578-1468-4B8C-9C06-F319FEA9695A}
		{7287EEF1-199A-4412-9637-2FB06E8214C0} = {EA827578-1468-4B8C-9C06-F319FEA9695A}
		{AD5CA753-AC5A-4AD1-988C-7B2F5C83F3F4} = {EA827578-1468-4B8C-9C06-F319FEA9695A}
	EndGlobalSection
	GlobalSection(ExtensibilityGlobals) = postSolution
		SolutionGuid = {3A6A72B2-9F50-483E-9F1F-006311489343}
	EndGlobalSection
EndGlobal
